
Microsoft Visual Studio Solution File, Format Version 12.00
# Visual Studio Version 17
VisualStudioVersion = 17.4.33213.308
MinimumVisualStudioVersion = 10.0.40219.1
Project("{FAE04EC0-301F-11D3-BF4B-00C04F79EFBC}") = "Week4Loops", "Week4Loops\Week4Loops.csproj", "{D9A28C51-A53E-42AC-B9DE-BF4BD9E2684C}"
EndProject
Project("{FAE04EC0-301F-11D3-BF4B-00C04F79EFBC}") = "ForLoopSum", "ForLoopSum\ForLoopSum.csproj", "{29A4D3A4-C46F-4479-978D-0A1AB14DB6E3}"
EndProject
Project("{FAE04EC0-301F-11D3-BF4B-00C04F79EFBC}") = "RandomNumber", "RandomNumber\RandomNumber.csproj", "{C9CFC7FD-5B11-405F-B3E1-380C362F8E91}"
EndProject
Project("{FAE04EC0-301F-11D3-BF4B-00C04F79EFBC}") = "WhileLoops", "WhileLoops\WhileLoops.csproj", "{4379A321-A697-4B8C-A28E-C509E607CC30}"
EndProject
Project("{FAE04EC0-301F-11D3-BF4B-00C04F79EFBC}") = "Test", "Test\Test.csproj", "{7975CD8E-2A66-4DBC-B60A-6C163D3D427E}"
EndProject
Global
	GlobalSection(SolutionConfigurationPlatforms) = preSolution
		Debug|Any CPU = Debug|Any CPU
		Release|Any CPU = Release|Any CPU
	EndGlobalSection
	GlobalSection(ProjectConfigurationPlatforms) = postSolution
		{D9A28C51-A53E-42AC-B9DE-BF4BD9E2684C}.Debug|Any CPU.ActiveCfg = Debug|Any CPU
		{D9A28C51-A53E-42AC-B9DE-BF4BD9E2684C}.Debug|Any CPU.Build.0 = Debug|Any CPU
		{D9A28C51-A53E-42AC-B9DE-BF4BD9E2684C}.Release|Any CPU.ActiveCfg = Release|Any CPU
		{D9A28C51-A53E-42AC-B9DE-BF4BD9E2684C}.Release|Any CPU.Build.0 = Release|Any CPU
		{29A4D3A4-C46F-4479-978D-0A1AB14DB6E3}.Debug|Any CPU.ActiveCfg = Debug|Any CPU
		{29A4D3A4-C46F-4479-978D-0A1AB14DB6E3}.Debug|Any CPU.Build.0 = Debug|Any CPU
		{29A4D3A4-C46F-4479-978D-0A1AB14DB6E3}.Release|Any CPU.ActiveCfg = Release|Any CPU
		{29A4D3A4-C46F-4479-978D-0A1AB14DB6E3}.Release|Any CPU.Build.0 = Release|Any CPU
		{C9CFC7FD-5B11-405F-B3E1-380C362F8E91}.Debug|Any CPU.ActiveCfg = Debug|Any CPU
		{C9CFC7FD-5B11-405F-B3E1-380C362F8E91}.Debug|Any CPU.Build.0 = Debug|Any CPU
		{C9CFC7FD-5B11-405F-B3E1-380C362F8E91}.Release|Any CPU.ActiveCfg = Release|Any CPU
		{C9CFC7FD-5B11-405F-B3E1-380C362F8E91}.Release|Any CPU.Build.0 = Release|Any CPU
		{4379A321-A697-4B8C-A28E-C509E607CC30}.Debug|Any CPU.ActiveCfg = Debug|Any CPU
		{4379A321-A697-4B8C-A28E-C509E607CC30}.Debug|Any CPU.Build.0 = Debug|Any CPU
		{4379A321-A697-4B8C-A28E-C509E607CC30}.Release|Any CPU.ActiveCfg = Release|Any CPU
		{4379A321-A697-4B8C-A28E-C509E607CC30}.Release|Any CPU.Build.0 = Release|Any CPU
		{7975CD8E-2A66-4DBC-B60A-6C163D3D427E}.Debug|Any CPU.ActiveCfg = Debug|Any CPU
		{7975CD8E-2A66-4DBC-B60A-6C163D3D427E}.Debug|Any CPU.Build.0 = Debug|Any CPU
		{7975CD8E-2A66-4DBC-B60A-6C163D3D427E}.Release|Any CPU.ActiveCfg = Release|Any CPU
		{7975CD8E-2A66-4DBC-B60A-6C163D3D427E}.Release|Any CPU.Build.0 = Release|Any CPU
	EndGlobalSection
	GlobalSection(SolutionProperties) = preSolution
		HideSolutionNode = FALSE
	EndGlobalSection
	GlobalSection(ExtensibilityGlobals) = postSolution
		SolutionGuid = {FC53983D-F72D-4614-A1AD-059BC6D5FB38}
	EndGlobalSection
EndGlobal
